PODS:
  - NGResourcePodExample (1.1.0)

DEPENDENCIES:
  - NGResourcePodExample (from `InternalPodspecs/NGResourcePodExample.podspec`)

EXTERNAL SOURCES:
  NGResourcePodExample:
    :podspec: InternalPodspecs/NGResourcePodExample.podspec

SPEC CHECKSUMS:
  NGResourcePodExample: d8f454470eec14a290ad263ade2579c4fe99f047

PODFILE CHECKSUM: d1b048b88daf5e082a8fdc43548ca00f34548260

COCOAPODS: 1.6.0
