PODS:
  - NGResourcePodExample (1.0.0)

DEPENDENCIES:
  - NGResourcePodExample (from `InternalPodspecs/NGResourcePodExample.podspec`)

EXTERNAL SOURCES:
  NGResourcePodExample:
    :podspec: InternalPodspecs/NGResourcePodExample.podspec

SPEC CHECKSUMS:
  NGResourcePodExample: 08b4adf73a95e5720518cbcf08ef54acaa142082

PODFILE CHECKSUM: b1900cbd1be3cc3b7bd2c9a906ba81c9b2f615ff

COCOAPODS: 1.6.0
