PODS:
  - NGResourcePodExample (1.0.0)

DEPENDENCIES:
  - NGResourcePodExample (from `InternalPodspecs/NGResourcePodExample.podspec`)

EXTERNAL SOURCES:
  NGResourcePodExample:
    :podspec: InternalPodspecs/NGResourcePodExample.podspec

SPEC CHECKSUMS:
  NGResourcePodExample: 08b4adf73a95e5720518cbcf08ef54acaa142082

PODFILE CHECKSUM: d1b048b88daf5e082a8fdc43548ca00f34548260

COCOAPODS: 1.6.0
