// !$*UTF8*$!
{
	archiveVersion = 1;
	classes = {
	};
	objectVersion = 50;
	objects = {

/* Begin PBXBuildFile section */
		D048B92E221356E100627081 /* AppDelegate.swift in Sources */ = {isa = PBXBuildFile; fileRef = D048B92D221356E100627081 /* AppDelegate.swift */; };
		D048B930221356E100627081 /* ViewController.swift in Sources */ = {isa = PBXBuildFile; fileRef = D048B92F221356E100627081 /* ViewController.swift */; };
		D048B933221356E100627081 /* Main.storyboard in Resources */ = {isa = PBXBuildFile; fileRef = D048B931221356E100627081 /* Main.storyboard */; };
		D048B935221356E300627081 /* Assets.xcassets in Resources */ = {isa = PBXBuildFile; fileRef = D048B934221356E300627081 /* Assets.xcassets */; };
		D048B938221356E300627081 /* LaunchScreen.storyboard in Resources */ = {isa = PBXBuildFile; fileRef = D048B936221356E300627081 /* LaunchScreen.storyboard */; };
		D048B943221356E300627081 /* NGProjectThatRequestsNGResourcePodExampleUITests.swift in Sources */ = {isa = PBXBuildFile; fileRef = D048B942221356E300627081 /* NGProjectThatRequestsNGResourcePodExampleUITests.swift */; };
/* End PBXBuildFile section */

/* Begin PBXContainerItemProxy section */
		D048B93F221356E300627081 /* PBXContainerItemProxy */ = {
			isa = PBXContainerItemProxy;
			containerPortal = D048B922221356E100627081 /* Project object */;
			proxyType = 1;
			remoteGlobalIDString = D048B929221356E100627081;
			remoteInfo = NGProjectThatRequestsNGResourcePodExample;
		};
/* End PBXContainerItemProxy section */

/* Begin PBXFileReference section */
		D048B92A221356E100627081 /* NGProjectThatRequestsNGResourcePodExample.app */ = {isa = PBXFileReference; explicitFileType = wrapper.application; includeInIndex = 0; path = NGProjectThatRequestsNGResourcePodExample.app; sourceTree = BUILT_PRODUCTS_DIR; };
		D048B92D221356E100627081 /* AppDelegate.swift */ = {isa = PBXFileReference; lastKnownFileType = sourcecode.swift; path = AppDelegate.swift; sourceTree = "<group>"; };
		D048B92F221356E100627081 /* ViewController.swift */ = {isa = PBXFileReference; lastKnownFileType = sourcecode.swift; path = ViewController.swift; sourceTree = "<group>"; };
		D048B932221356E100627081 /* Base */ = {isa = PBXFileReference; lastKnownFileType = file.storyboard; name = Base; path = Base.lproj/Main.storyboard; sourceTree = "<group>"; };
		D048B934221356E300627081 /* Assets.xcassets */ = {isa = PBXFileReference; lastKnownFileType = folder.assetcatalog; path = Assets.xcassets; sourceTree = "<group>"; };
		D048B937221356E300627081 /* Base */ = {isa = PBXFileReference; lastKnownFileType = file.storyboard; name = Base; path = Base.lproj/LaunchScreen.storyboard; sourceTree = "<group>"; };
		D048B939221356E300627081 /* Info.plist */ = {isa = PBXFileReference; lastKnownFileType = text.plist.xml; path = Info.plist; sourceTree = "<group>"; };
		D048B93E221356E300627081 /* NGProjectThatRequestsNGResourcePodExampleUITests.xctest */ = {isa = PBXFileReference; explicitFileType = wrapper.cfbundle; includeInIndex = 0; path = NGProjectThatRequestsNGResourcePodExampleUITests.xctest; sourceTree = BUILT_PRODUCTS_DIR; };
		D048B942221356E300627081 /* NGProjectThatRequestsNGResourcePodExampleUITests.swift */ = {isa = PBXFileReference; lastKnownFileType = sourcecode.swift; path = NGProjectThatRequestsNGResourcePodExampleUITests.swift; sourceTree = "<group>"; };
		D048B944221356E300627081 /* Info.plist */ = {isa = PBXFileReference; lastKnownFileType = text.plist.xml; path = Info.plist; sourceTree = "<group>"; };
/* End PBXFileReference section */

/* Begin PBXFrameworksBuildPhase section */
		D048B927221356E100627081 /* Frameworks */ = {
			isa = PBXFrameworksBuildPhase;
			buildActionMask = 2147483647;
			files = (
			);
			runOnlyForDeploymentPostprocessing = 0;
		};
		D048B93B221356E300627081 /* Frameworks */ = {
			isa = PBXFrameworksBuildPhase;
			buildActionMask = 2147483647;
			files = (
			);
			runOnlyForDeploymentPostprocessing = 0;
		};
/* End PBXFrameworksBuildPhase section */

/* Begin PBXGroup section */
		D048B921221356E100627081 = {
			isa = PBXGroup;
			children = (
				D048B92C221356E100627081 /* NGProjectThatRequestsNGResourcePodExample */,
				D048B941221356E300627081 /* NGProjectThatRequestsNGResourcePodExampleUITests */,
				D048B92B221356E100627081 /* Products */,
			);
			sourceTree = "<group>";
		};
		D048B92B221356E100627081 /* Products */ = {
			isa = PBXGroup;
			children = (
				D048B92A221356E100627081 /* NGProjectThatRequestsNGResourcePodExample.app */,
				D048B93E221356E300627081 /* NGProjectThatRequestsNGResourcePodExampleUITests.xctest */,
			);
			name = Products;
			sourceTree = "<group>";
		};
		D048B92C221356E100627081 /* NGProjectThatRequestsNGResourcePodExample */ = {
			isa = PBXGroup;
			children = (
				D048B92D221356E100627081 /* AppDelegate.swift */,
				D048B92F221356E100627081 /* ViewController.swift */,
				D048B931221356E100627081 /* Main.storyboard */,
				D048B934221356E300627081 /* Assets.xcassets */,
				D048B936221356E300627081 /* LaunchScreen.storyboard */,
				D048B939221356E300627081 /* Info.plist */,
			);
			path = NGProjectThatRequestsNGResourcePodExample;
			sourceTree = "<group>";
		};
		D048B941221356E300627081 /* NGProjectThatRequestsNGResourcePodExampleUITests */ = {
			isa = PBXGroup;
			children = (
				D048B942221356E300627081 /* NGProjectThatRequestsNGResourcePodExampleUITests.swift */,
				D048B944221356E300627081 /* Info.plist */,
			);
			path = NGProjectThatRequestsNGResourcePodExampleUITests;
			sourceTree = "<group>";
		};
/* End PBXGroup section */

/* Begin PBXNativeTarget section */
		D048B929221356E100627081 /* NGProjectThatRequestsNGResourcePodExample */ = {
			isa = PBXNativeTarget;
			buildConfigurationList = D048B947221356E300627081 /* Build configuration list for PBXNativeTarget "NGProjectThatRequestsNGResourcePodExample" */;
			buildPhases = (
				D048B926221356E100627081 /* Sources */,
				D048B927221356E100627081 /* Frameworks */,
				D048B928221356E100627081 /* Resources */,
			);
			buildRules = (
			);
			dependencies = (
			);
			name = NGProjectThatRequestsNGResourcePodExample;
			productName = NGProjectThatRequestsNGResourcePodExample;
			productReference = D048B92A221356E100627081 /* NGProjectThatRequestsNGResourcePodExample.app */;
			productType = "com.apple.product-type.application";
		};
		D048B93D221356E300627081 /* NGProjectThatRequestsNGResourcePodExampleUITests */ = {
			isa = PBXNativeTarget;
			buildConfigurationList = D048B94A221356E300627081 /* Build configuration list for PBXNativeTarget "NGProjectThatRequestsNGResourcePodExampleUITests" */;
			buildPhases = (
				D048B93A221356E300627081 /* Sources */,
				D048B93B221356E300627081 /* Frameworks */,
				D048B93C221356E300627081 /* Resources */,
			);
			buildRules = (
			);
			dependencies = (
				D048B940221356E300627081 /* PBXTargetDependency */,
			);
			name = NGProjectThatRequestsNGResourcePodExampleUITests;
			productName = NGProjectThatRequestsNGResourcePodExampleUITests;
			productReference = D048B93E221356E300627081 /* NGProjectThatRequestsNGResourcePodExampleUITests.xctest */;
			productType = "com.apple.product-type.bundle.ui-testing";
		};
/* End PBXNativeTarget section */

/* Begin PBXProject section */
		D048B922221356E100627081 /* Project object */ = {
			isa = PBXProject;
			attributes = {
				LastSwiftUpdateCheck = 1010;
				LastUpgradeCheck = 1010;
				ORGANIZATIONNAME = "Noah Gilmore";
				TargetAttributes = {
					D048B929221356E100627081 = {
						CreatedOnToolsVersion = 10.1;
					};
					D048B93D221356E300627081 = {
						CreatedOnToolsVersion = 10.1;
						TestTargetID = D048B929221356E100627081;
					};
				};
			};
			buildConfigurationList = D048B925221356E100627081 /* Build configuration list for PBXProject "NGProjectThatRequestsNGResourcePodExample" */;
			compatibilityVersion = "Xcode 9.3";
			developmentRegion = en;
			hasScannedForEncodings = 0;
			knownRegions = (
				en,
				Base,
			);
			mainGroup = D048B921221356E100627081;
			productRefGroup = D048B92B221356E100627081 /* Products */;
			projectDirPath = "";
			projectRoot = "";
			targets = (
				D048B929221356E100627081 /* NGProjectThatRequestsNGResourcePodExample */,
				D048B93D221356E300627081 /* NGProjectThatRequestsNGResourcePodExampleUITests */,
			);
		};
/* End PBXProject section */

/* Begin PBXResourcesBuildPhase section */
		D048B928221356E100627081 /* Resources */ = {
			isa = PBXResourcesBuildPhase;
			buildActionMask = 2147483647;
			files = (
				D048B938221356E300627081 /* LaunchScreen.storyboard in Resources */,
				D048B935221356E300627081 /* Assets.xcassets in Resources */,
				D048B933221356E100627081 /* Main.storyboard in Resources */,
			);
			runOnlyForDeploymentPostprocessing = 0;
		};
		D048B93C221356E300627081 /* Resources */ = {
			isa = PBXResourcesBuildPhase;
			buildActionMask = 2147483647;
			files = (
			);
			runOnlyForDeploymentPostprocessing = 0;
		};
/* End PBXResourcesBuildPhase section */

/* Begin PBXSourcesBuildPhase section */
		D048B926221356E100627081 /* Sources */ = {
			isa = PBXSourcesBuildPhase;
			buildActionMask = 2147483647;
			files = (
				D048B930221356E100627081 /* ViewController.swift in Sources */,
				D048B92E221356E100627081 /* AppDelegate.swift in Sources */,
			);
			runOnlyForDeploymentPostprocessing = 0;
		};
		D048B93A221356E300627081 /* Sources */ = {
			isa = PBXSourcesBuildPhase;
			buildActionMask = 2147483647;
			files = (
				D048B943221356E300627081 /* NGProjectThatRequestsNGResourcePodExampleUITests.swift in Sources */,
			);
			runOnlyForDeploymentPostprocessing = 0;
		};
/* End PBXSourcesBuildPhase section */

/* Begin PBXTargetDependency section */
		D048B940221356E300627081 /* PBXTargetDependency */ = {
			isa = PBXTargetDependency;
			target = D048B929221356E100627081 /* NGProjectThatRequestsNGResourcePodExample */;
			targetProxy = D048B93F221356E300627081 /* PBXContainerItemProxy */;
		};
/* End PBXTargetDependency section */

/* Begin PBXVariantGroup section */
		D048B931221356E100627081 /* Main.storyboard */ = {
			isa = PBXVariantGroup;
			children = (
				D048B932221356E100627081 /* Base */,
			);
			name = Main.storyboard;
			sourceTree = "<group>";
		};
		D048B936221356E300627081 /* LaunchScreen.storyboard */ = {
			isa = PBXVariantGroup;
			children = (
				D048B937221356E300627081 /* Base */,
			);
			name = LaunchScreen.storyboard;
			sourceTree = "<group>";
		};
/* End PBXVariantGroup section */

/* Begin XCBuildConfiguration section */
		D048B945221356E300627081 /* Debug */ = {
			isa = XCBuildConfiguration;
			buildSettings = {
				ALWAYS_SEARCH_USER_PATHS = NO;
				CLANG_ANALYZER_NONNULL = YES;
				CLANG_ANALYZER_NUMBER_OBJECT_CONVERSION = YES_AGGRESSIVE;
				CLANG_CXX_LANGUAGE_STANDARD = "gnu++14";
				CLANG_CXX_LIBRARY = "libc++";
				CLANG_ENABLE_MODULES = YES;
				CLANG_ENABLE_OBJC_ARC = YES;
				CLANG_ENABLE_OBJC_WEAK = YES;
				CLANG_WARN_BLOCK_CAPTURE_AUTORELEASING = YES;
				CLANG_WARN_BOOL_CONVERSION = YES;
				CLANG_WARN_COMMA = YES;
				CLANG_WARN_CONSTANT_CONVERSION = YES;
				CLANG_WARN_DEPRECATED_OBJC_IMPLEMENTATIONS = YES;
				CLANG_WARN_DIRECT_OBJC_ISA_USAGE = YES_ERROR;
				CLANG_WARN_DOCUMENTATION_COMMENTS = YES;
				CLANG_WARN_EMPTY_BODY = YES;
				CLANG_WARN_ENUM_CONVERSION = YES;
				CLANG_WARN_INFINITE_RECURSION = YES;
				CLANG_WARN_INT_CONVERSION = YES;
				CLANG_WARN_NON_LITERAL_NULL_CONVERSION = YES;
				CLANG_WARN_OBJC_IMPLICIT_RETAIN_SELF = YES;
				CLANG_WARN_OBJC_LITERAL_CONVERSION = YES;
				CLANG_WARN_OBJC_ROOT_CLASS = YES_ERROR;
				CLANG_WARN_RANGE_LOOP_ANALYSIS = YES;
				CLANG_WARN_STRICT_PROTOTYPES = YES;
				CLANG_WARN_SUSPICIOUS_MOVE = YES;
				CLANG_WARN_UNGUARDED_AVAILABILITY = YES_AGGRESSIVE;
				CLANG_WARN_UNREACHABLE_CODE = YES;
				CLANG_WARN__DUPLICATE_METHOD_MATCH = YES;
				CODE_SIGN_IDENTITY = "iPhone Developer";
				COPY_PHASE_STRIP = NO;
				DEBUG_INFORMATION_FORMAT = dwarf;
				ENABLE_STRICT_OBJC_MSGSEND = YES;
				ENABLE_TESTABILITY = YES;
				GCC_C_LANGUAGE_STANDARD = gnu11;
				GCC_DYNAMIC_NO_PIC = NO;
				GCC_NO_COMMON_BLOCKS = YES;
				GCC_OPTIMIZATION_LEVEL = 0;
				GCC_PREPROCESSOR_DEFINITIONS = (
					"DEBUG=1",
					"$(inherited)",
				);
				GCC_WARN_64_TO_32_BIT_CONVERSION = YES;
				GCC_WARN_ABOUT_RETURN_TYPE = YES_ERROR;
				GCC_WARN_UNDECLARED_SELECTOR = YES;
				GCC_WARN_UNINITIALIZED_AUTOS = YES_AGGRESSIVE;
				GCC_WARN_UNUSED_FUNCTION = YES;
				GCC_WARN_UNUSED_VARIABLE = YES;
				IPHONEOS_DEPLOYMENT_TARGET = 12.1;
				MTL_ENABLE_DEBUG_INFO = INCLUDE_SOURCE;
				MTL_FAST_MATH = YES;
				ONLY_ACTIVE_ARCH = YES;
				SDKROOT = iphoneos;
				SWIFT_ACTIVE_COMPILATION_CONDITIONS = DEBUG;
				SWIFT_OPTIMIZATION_LEVEL = "-Onone";
			};
			name = Debug;
		};
		D048B946221356E300627081 /* Release */ = {
			isa = XCBuildConfiguration;
			buildSettings = {
				ALWAYS_SEARCH_USER_PATHS = NO;
				CLANG_ANALYZER_NONNULL = YES;
				CLANG_ANALYZER_NUMBER_OBJECT_CONVERSION = YES_AGGRESSIVE;
				CLANG_CXX_LANGUAGE_STANDARD = "gnu++14";
				CLANG_CXX_LIBRARY = "libc++";
				CLANG_ENABLE_MODULES = YES;
				CLANG_ENABLE_OBJC_ARC = YES;
				CLANG_ENABLE_OBJC_WEAK = YES;
				CLANG_WARN_BLOCK_CAPTURE_AUTORELEASING = YES;
				CLANG_WARN_BOOL_CONVERSION = YES;
				CLANG_WARN_COMMA = YES;
				CLANG_WARN_CONSTANT_CONVERSION = YES;
				CLANG_WARN_DEPRECATED_OBJC_IMPLEMENTATIONS = YES;
				CLANG_WARN_DIRECT_OBJC_ISA_USAGE = YES_ERROR;
				CLANG_WARN_DOCUMENTATION_COMMENTS = YES;
				CLANG_WARN_EMPTY_BODY = YES;
				CLANG_WARN_ENUM_CONVERSION = YES;
				CLANG_WARN_INFINITE_RECURSION = YES;
				CLANG_WARN_INT_CONVERSION = YES;
				CLANG_WARN_NON_LITERAL_NULL_CONVERSION = YES;
				CLANG_WARN_OBJC_IMPLICIT_RETAIN_SELF = YES;
				CLANG_WARN_OBJC_LITERAL_CONVERSION = YES;
				CLANG_WARN_OBJC_ROOT_CLASS = YES_ERROR;
				CLANG_WARN_RANGE_LOOP_ANALYSIS = YES;
				CLANG_WARN_STRICT_PROTOTYPES = YES;
				CLANG_WARN_SUSPICIOUS_MOVE = YES;
				CLANG_WARN_UNGUARDED_AVAILABILITY = YES_AGGRESSIVE;
				CLANG_WARN_UNREACHABLE_CODE = YES;
				CLANG_WARN__DUPLICATE_METHOD_MATCH = YES;
				CODE_SIGN_IDENTITY = "iPhone Developer";
				COPY_PHASE_STRIP = NO;
				DEBUG_INFORMATION_FORMAT = "dwarf-with-dsym";
				ENABLE_NS_ASSERTIONS = NO;
				ENABLE_STRICT_OBJC_MSGSEND = YES;
				GCC_C_LANGUAGE_STANDARD = gnu11;
				GCC_NO_COMMON_BLOCKS = YES;
				GCC_WARN_64_TO_32_BIT_CONVERSION = YES;
				GCC_WARN_ABOUT_RETURN_TYPE = YES_ERROR;
				GCC_WARN_UNDECLARED_SELECTOR = YES;
				GCC_WARN_UNINITIALIZED_AUTOS = YES_AGGRESSIVE;
				GCC_WARN_UNUSED_FUNCTION = YES;
				GCC_WARN_UNUSED_VARIABLE = YES;
				IPHONEOS_DEPLOYMENT_TARGET = 12.1;
				MTL_ENABLE_DEBUG_INFO = NO;
				MTL_FAST_MATH = YES;
				SDKROOT = iphoneos;
				SWIFT_COMPILATION_MODE = wholemodule;
				SWIFT_OPTIMIZATION_LEVEL = "-O";
				VALIDATE_PRODUCT = YES;
			};
			name = Release;
		};
		D048B948221356E300627081 /* Debug */ = {
			isa = XCBuildConfiguration;
			buildSettings = {
				ASSETCATALOG_COMPILER_APPICON_NAME = AppIcon;
				CODE_SIGN_STYLE = Automatic;
				DEVELOPMENT_TEAM = VYDU87PPV5;
				INFOPLIST_FILE = NGProjectThatRequestsNGResourcePodExample/Info.plist;
				LD_RUNPATH_SEARCH_PATHS = (
					"$(inherited)",
					"@executable_path/Frameworks",
				);
				PRODUCT_BUNDLE_IDENTIFIER = com.noahgilmore.NGProjectThatRequestsNGResourcePodExample;
				PRODUCT_NAME = "$(TARGET_NAME)";
				SWIFT_VERSION = 4.2;
				TARGETED_DEVICE_FAMILY = "1,2";
			};
			name = Debug;
		};
		D048B949221356E300627081 /* Release */ = {
			isa = XCBuildConfiguration;
			buildSettings = {
				ASSETCATALOG_COMPILER_APPICON_NAME = AppIcon;
				CODE_SIGN_STYLE = Automatic;
				DEVELOPMENT_TEAM = VYDU87PPV5;
				INFOPLIST_FILE = NGProjectThatRequestsNGResourcePodExample/Info.plist;
				LD_RUNPATH_SEARCH_PATHS = (
					"$(inherited)",
					"@executable_path/Frameworks",
				);
				PRODUCT_BUNDLE_IDENTIFIER = com.noahgilmore.NGProjectThatRequestsNGResourcePodExample;
				PRODUCT_NAME = "$(TARGET_NAME)";
				SWIFT_VERSION = 4.2;
				TARGETED_DEVICE_FAMILY = "1,2";
			};
			name = Release;
		};
		D048B94B221356E300627081 /* Debug */ = {
			isa = XCBuildConfiguration;
			buildSettings = {
				ALWAYS_EMBED_SWIFT_STANDARD_LIBRARIES = YES;
				CODE_SIGN_STYLE = Automatic;
				DEVELOPMENT_TEAM = VYDU87PPV5;
				INFOPLIST_FILE = NGProjectThatRequestsNGResourcePodExampleUITests/Info.plist;
				LD_RUNPATH_SEARCH_PATHS = (
					"$(inherited)",
					"@executable_path/Frameworks",
					"@loader_path/Frameworks",
				);
				PRODUCT_BUNDLE_IDENTIFIER = com.noahgilmore.NGProjectThatRequestsNGResourcePodExampleUITests;
				PRODUCT_NAME = "$(TARGET_NAME)";
				SWIFT_VERSION = 4.2;
				TARGETED_DEVICE_FAMILY = "1,2";
				TEST_TARGET_NAME = NGProjectThatRequestsNGResourcePodExample;
			};
			name = Debug;
		};
		D048B94C221356E300627081 /* Release */ = {
			isa = XCBuildConfiguration;
			buildSettings = {
				ALWAYS_EMBED_SWIFT_STANDARD_LIBRARIES = YES;
				CODE_SIGN_STYLE = Automatic;
				DEVELOPMENT_TEAM = VYDU87PPV5;
				INFOPLIST_FILE = NGProjectThatRequestsNGResourcePodExampleUITests/Info.plist;
				LD_RUNPATH_SEARCH_PATHS = (
					"$(inherited)",
					"@executable_path/Frameworks",
					"@loader_path/Frameworks",
				);
				PRODUCT_BUNDLE_IDENTIFIER = com.noahgilmore.NGProjectThatRequestsNGResourcePodExampleUITests;
				PRODUCT_NAME = "$(TARGET_NAME)";
				SWIFT_VERSION = 4.2;
				TARGETED_DEVICE_FAMILY = "1,2";
				TEST_TARGET_NAME = NGProjectThatRequestsNGResourcePodExample;
			};
			name = Release;
		};
/* End XCBuildConfiguration section */

/* Begin XCConfigurationList section */
		D048B925221356E100627081 /* Build configuration list for PBXProject "NGProjectThatRequestsNGResourcePodExample" */ = {
			isa = XCConfigurationList;
			buildConfigurations = (
				D048B945221356E300627081 /* Debug */,
				D048B946221356E300627081 /* Release */,
			);
			defaultConfigurationIsVisible = 0;
			defaultConfigurationName = Release;
		};
		D048B947221356E300627081 /* Build configuration list for PBXNativeTarget "NGProjectThatRequestsNGResourcePodExample" */ = {
			isa = XCConfigurationList;
			buildConfigurations = (
				D048B948221356E300627081 /* Debug */,
				D048B949221356E300627081 /* Release */,
			);
			defaultConfigurationIsVisible = 0;
			defaultConfigurationName = Release;
		};
		D048B94A221356E300627081 /* Build configuration list for PBXNativeTarget "NGProjectThatRequestsNGResourcePodExampleUITests" */ = {
			isa = XCConfigurationList;
			buildConfigurations = (
				D048B94B221356E300627081 /* Debug */,
				D048B94C221356E300627081 /* Release */,
			);
			defaultConfigurationIsVisible = 0;
			defaultConfigurationName = Release;
		};
/* End XCConfigurationList section */
	};
	rootObject = D048B922221356E100627081 /* Project object */;
}
