// !$*UTF8*$!
{
	archiveVersion = 1;
	classes = {
	};
	objectVersion = 50;
	objects = {

/* Begin PBXBuildFile section */
		974F0D719C68D9A323373DB1 /* Pods_NGProjectThatRequestsNGResourcePodExample.framework in Frameworks */ = {isa = PBXBuildFile; fileRef = 2A93300047E749A8754E7627 /* Pods_NGProjectThatRequestsNGResourcePodExample.framework */; };
		D0627C6F221373390031BDDC /* AppDelegate.swift in Sources */ = {isa = PBXBuildFile; fileRef = D0627C6E221373390031BDDC /* AppDelegate.swift */; };
		D0627C71221373390031BDDC /* ViewController.swift in Sources */ = {isa = PBXBuildFile; fileRef = D0627C70221373390031BDDC /* ViewController.swift */; };
		D0627C762213733A0031BDDC /* Assets.xcassets in Resources */ = {isa = PBXBuildFile; fileRef = D0627C752213733A0031BDDC /* Assets.xcassets */; };
		D0627C792213733A0031BDDC /* LaunchScreen.storyboard in Resources */ = {isa = PBXBuildFile; fileRef = D0627C772213733A0031BDDC /* LaunchScreen.storyboard */; };
/* End PBXBuildFile section */

/* Begin PBXFileReference section */
		10C49D2DF0C262942ED1864F /* Pods-NGProjectThatRequestsNGResourcePodExample.release.xcconfig */ = {isa = PBXFileReference; includeInIndex = 1; lastKnownFileType = text.xcconfig; name = "Pods-NGProjectThatRequestsNGResourcePodExample.release.xcconfig"; path = "Target Support Files/Pods-NGProjectThatRequestsNGResourcePodExample/Pods-NGProjectThatRequestsNGResourcePodExample.release.xcconfig"; sourceTree = "<group>"; };
		2A93300047E749A8754E7627 /* Pods_NGProjectThatRequestsNGResourcePodExample.framework */ = {isa = PBXFileReference; explicitFileType = wrapper.framework; includeInIndex = 0; path = Pods_NGProjectThatRequestsNGResourcePodExample.framework; sourceTree = BUILT_PRODUCTS_DIR; };
		31C79EEAED5725649F1F724F /* Pods-NGProjectThatRequestsNGResourcePodExample.debug.xcconfig */ = {isa = PBXFileReference; includeInIndex = 1; lastKnownFileType = text.xcconfig; name = "Pods-NGProjectThatRequestsNGResourcePodExample.debug.xcconfig"; path = "Target Support Files/Pods-NGProjectThatRequestsNGResourcePodExample/Pods-NGProjectThatRequestsNGResourcePodExample.debug.xcconfig"; sourceTree = "<group>"; };
		D0627C6B221373390031BDDC /* NGProjectThatRequestsNGResourcePodExample.app */ = {isa = PBXFileReference; explicitFileType = wrapper.application; includeInIndex = 0; path = NGProjectThatRequestsNGResourcePodExample.app; sourceTree = BUILT_PRODUCTS_DIR; };
		D0627C6E221373390031BDDC /* AppDelegate.swift */ = {isa = PBXFileReference; lastKnownFileType = sourcecode.swift; path = AppDelegate.swift; sourceTree = "<group>"; };
		D0627C70221373390031BDDC /* ViewController.swift */ = {isa = PBXFileReference; lastKnownFileType = sourcecode.swift; path = ViewController.swift; sourceTree = "<group>"; };
		D0627C752213733A0031BDDC /* Assets.xcassets */ = {isa = PBXFileReference; lastKnownFileType = folder.assetcatalog; path = Assets.xcassets; sourceTree = "<group>"; };
		D0627C782213733A0031BDDC /* Base */ = {isa = PBXFileReference; lastKnownFileType = file.storyboard; name = Base; path = Base.lproj/LaunchScreen.storyboard; sourceTree = "<group>"; };
		D0627C7A2213733A0031BDDC /* Info.plist */ = {isa = PBXFileReference; lastKnownFileType = text.plist.xml; path = Info.plist; sourceTree = "<group>"; };
/* End PBXFileReference section */

/* Begin PBXFrameworksBuildPhase section */
		D0627C68221373390031BDDC /* Frameworks */ = {
			isa = PBXFrameworksBuildPhase;
			buildActionMask = 2147483647;
			files = (
				974F0D719C68D9A323373DB1 /* Pods_NGProjectThatRequestsNGResourcePodExample.framework in Frameworks */,
			);
			runOnlyForDeploymentPostprocessing = 0;
		};
/* End PBXFrameworksBuildPhase section */

/* Begin PBXGroup section */
		2CCBE7434CE56ACBD12172AF /* Frameworks */ = {
			isa = PBXGroup;
			children = (
				2A93300047E749A8754E7627 /* Pods_NGProjectThatRequestsNGResourcePodExample.framework */,
			);
			name = Frameworks;
			sourceTree = "<group>";
		};
		5F8F13DF9FBBDA9C90955978 /* Pods */ = {
			isa = PBXGroup;
			children = (
				31C79EEAED5725649F1F724F /* Pods-NGProjectThatRequestsNGResourcePodExample.debug.xcconfig */,
				10C49D2DF0C262942ED1864F /* Pods-NGProjectThatRequestsNGResourcePodExample.release.xcconfig */,
			);
			path = Pods;
			sourceTree = "<group>";
		};
		D0627C62221373390031BDDC = {
			isa = PBXGroup;
			children = (
				D0627C6D221373390031BDDC /* NGProjectThatRequestsNGResourcePodExample */,
				D0627C6C221373390031BDDC /* Products */,
				5F8F13DF9FBBDA9C90955978 /* Pods */,
				2CCBE7434CE56ACBD12172AF /* Frameworks */,
			);
			sourceTree = "<group>";
		};
		D0627C6C221373390031BDDC /* Products */ = {
			isa = PBXGroup;
			children = (
				D0627C6B221373390031BDDC /* NGProjectThatRequestsNGResourcePodExample.app */,
			);
			name = Products;
			sourceTree = "<group>";
		};
		D0627C6D221373390031BDDC /* NGProjectThatRequestsNGResourcePodExample */ = {
			isa = PBXGroup;
			children = (
				D0627C6E221373390031BDDC /* AppDelegate.swift */,
				D0627C70221373390031BDDC /* ViewController.swift */,
				D0627C752213733A0031BDDC /* Assets.xcassets */,
				D0627C772213733A0031BDDC /* LaunchScreen.storyboard */,
				D0627C7A2213733A0031BDDC /* Info.plist */,
			);
			path = NGProjectThatRequestsNGResourcePodExample;
			sourceTree = "<group>";
		};
/* End PBXGroup section */

/* Begin PBXNativeTarget section */
		D0627C6A221373390031BDDC /* NGProjectThatRequestsNGResourcePodExample */ = {
			isa = PBXNativeTarget;
			buildConfigurationList = D0627C7D2213733A0031BDDC /* Build configuration list for PBXNativeTarget "NGProjectThatRequestsNGResourcePodExample" */;
			buildPhases = (
				4160B990AC8A4B6C6C9AF6EF /* [CP] Check Pods Manifest.lock */,
				D0627C67221373390031BDDC /* Sources */,
				D0627C68221373390031BDDC /* Frameworks */,
				D0627C69221373390031BDDC /* Resources */,
				B34E29324A0308742D41E6AC /* [CP] Copy Pods Resources */,
			);
			buildRules = (
			);
			dependencies = (
			);
			name = NGProjectThatRequestsNGResourcePodExample;
			productName = NGProjectThatRequestsNGResourcePodExample;
			productReference = D0627C6B221373390031BDDC /* NGProjectThatRequestsNGResourcePodExample.app */;
			productType = "com.apple.product-type.application";
		};
/* End PBXNativeTarget section */

/* Begin PBXProject section */
		D0627C63221373390031BDDC /* Project object */ = {
			isa = PBXProject;
			attributes = {
				LastSwiftUpdateCheck = 1010;
				LastUpgradeCheck = 1010;
				ORGANIZATIONNAME = "Noah Gilmore";
				TargetAttributes = {
					D0627C6A221373390031BDDC = {
						CreatedOnToolsVersion = 10.1;
					};
				};
			};
			buildConfigurationList = D0627C66221373390031BDDC /* Build configuration list for PBXProject "NGProjectThatRequestsNGResourcePodExample" */;
			compatibilityVersion = "Xcode 9.3";
			developmentRegion = en;
			hasScannedForEncodings = 0;
			knownRegions = (
				en,
				Base,
			);
			mainGroup = D0627C62221373390031BDDC;
			productRefGroup = D0627C6C221373390031BDDC /* Products */;
			projectDirPath = "";
			projectRoot = "";
			targets = (
				D0627C6A221373390031BDDC /* NGProjectThatRequestsNGResourcePodExample */,
			);
		};
/* End PBXProject section */

/* Begin PBXResourcesBuildPhase section */
		D0627C69221373390031BDDC /* Resources */ = {
			isa = PBXResourcesBuildPhase;
			buildActionMask = 2147483647;
			files = (
				D0627C792213733A0031BDDC /* LaunchScreen.storyboard in Resources */,
				D0627C762213733A0031BDDC /* Assets.xcassets in Resources */,
			);
			runOnlyForDeploymentPostprocessing = 0;
		};
/* End PBXResourcesBuildPhase section */

/* Begin PBXShellScriptBuildPhase section */
		4160B990AC8A4B6C6C9AF6EF /* [CP] Check Pods Manifest.lock */ = {
			isa = PBXShellScriptBuildPhase;
			buildActionMask = 2147483647;
			files = (
			);
			inputFileListPaths = (
			);
			inputPaths = (
				"${PODS_PODFILE_DIR_PATH}/Podfile.lock",
				"${PODS_ROOT}/Manifest.lock",
			);
			name = "[CP] Check Pods Manifest.lock";
			outputFileListPaths = (
			);
			outputPaths = (
				"$(DERIVED_FILE_DIR)/Pods-NGProjectThatRequestsNGResourcePodExample-checkManifestLockResult.txt",
			);
			runOnlyForDeploymentPostprocessing = 0;
			shellPath = /bin/sh;
			shellScript = "diff \"${PODS_PODFILE_DIR_PATH}/Podfile.lock\" \"${PODS_ROOT}/Manifest.lock\" > /dev/null\nif [ $? != 0 ] ; then\n    # print error to STDERR\n    echo \"error: The sandbox is not in sync with the Podfile.lock. Run 'pod install' or update your CocoaPods installation.\" >&2\n    exit 1\nfi\n# This output is used by Xcode 'outputs' to avoid re-running this script phase.\necho \"SUCCESS\" > \"${SCRIPT_OUTPUT_FILE_0}\"\n";
			showEnvVarsInLog = 0;
		};
		B34E29324A0308742D41E6AC /* [CP] Copy Pods Resources */ = {
			isa = PBXShellScriptBuildPhase;
			buildActionMask = 2147483647;
			files = (
			);
			inputFileListPaths = (
			);
			inputPaths = (
				"${PODS_ROOT}/Target Support Files/Pods-NGProjectThatRequestsNGResourcePodExample/Pods-NGProjectThatRequestsNGResourcePodExample-resources.sh",
				"${PODS_CONFIGURATION_BUILD_DIR}/NGResourcePodExample/NGResourcePodExample.bundle",
			);
			name = "[CP] Copy Pods Resources";
			outputFileListPaths = (
			);
			outputPaths = (
				"${TARGET_BUILD_DIR}/${UNLOCALIZED_RESOURCES_FOLDER_PATH}/NGResourcePodExample.bundle",
			);
			runOnlyForDeploymentPostprocessing = 0;
			shellPath = /bin/sh;
			shellScript = "\"${PODS_ROOT}/Target Support Files/Pods-NGProjectThatRequestsNGResourcePodExample/Pods-NGProjectThatRequestsNGResourcePodExample-resources.sh\"\n";
			showEnvVarsInLog = 0;
		};
/* End PBXShellScriptBuildPhase section */

/* Begin PBXSourcesBuildPhase section */
		D0627C67221373390031BDDC /* Sources */ = {
			isa = PBXSourcesBuildPhase;
			buildActionMask = 2147483647;
			files = (
				D0627C71221373390031BDDC /* ViewController.swift in Sources */,
				D0627C6F221373390031BDDC /* AppDelegate.swift in Sources */,
			);
			runOnlyForDeploymentPostprocessing = 0;
		};
/* End PBXSourcesBuildPhase section */

/* Begin PBXVariantGroup section */
		D0627C772213733A0031BDDC /* LaunchScreen.storyboard */ = {
			isa = PBXVariantGroup;
			children = (
				D0627C782213733A0031BDDC /* Base */,
			);
			name = LaunchScreen.storyboard;
			sourceTree = "<group>";
		};
/* End PBXVariantGroup section */

/* Begin XCBuildConfiguration section */
		D0627C7B2213733A0031BDDC /* Debug */ = {
			isa = XCBuildConfiguration;
			buildSettings = {
				ALWAYS_SEARCH_USER_PATHS = NO;
				CLANG_ANALYZER_NONNULL = YES;
				CLANG_ANALYZER_NUMBER_OBJECT_CONVERSION = YES_AGGRESSIVE;
				CLANG_CXX_LANGUAGE_STANDARD = "gnu++14";
				CLANG_CXX_LIBRARY = "libc++";
				CLANG_ENABLE_MODULES = YES;
				CLANG_ENABLE_OBJC_ARC = YES;
				CLANG_ENABLE_OBJC_WEAK = YES;
				CLANG_WARN_BLOCK_CAPTURE_AUTORELEASING = YES;
				CLANG_WARN_BOOL_CONVERSION = YES;
				CLANG_WARN_COMMA = YES;
				CLANG_WARN_CONSTANT_CONVERSION = YES;
				CLANG_WARN_DEPRECATED_OBJC_IMPLEMENTATIONS = YES;
				CLANG_WARN_DIRECT_OBJC_ISA_USAGE = YES_ERROR;
				CLANG_WARN_DOCUMENTATION_COMMENTS = YES;
				CLANG_WARN_EMPTY_BODY = YES;
				CLANG_WARN_ENUM_CONVERSION = YES;
				CLANG_WARN_INFINITE_RECURSION = YES;
				CLANG_WARN_INT_CONVERSION = YES;
				CLANG_WARN_NON_LITERAL_NULL_CONVERSION = YES;
				CLANG_WARN_OBJC_IMPLICIT_RETAIN_SELF = YES;
				CLANG_WARN_OBJC_LITERAL_CONVERSION = YES;
				CLANG_WARN_OBJC_ROOT_CLASS = YES_ERROR;
				CLANG_WARN_RANGE_LOOP_ANALYSIS = YES;
				CLANG_WARN_STRICT_PROTOTYPES = YES;
				CLANG_WARN_SUSPICIOUS_MOVE = YES;
				CLANG_WARN_UNGUARDED_AVAILABILITY = YES_AGGRESSIVE;
				CLANG_WARN_UNREACHABLE_CODE = YES;
				CLANG_WARN__DUPLICATE_METHOD_MATCH = YES;
				CODE_SIGN_IDENTITY = "iPhone Developer";
				COPY_PHASE_STRIP = NO;
				DEBUG_INFORMATION_FORMAT = dwarf;
				ENABLE_STRICT_OBJC_MSGSEND = YES;
				ENABLE_TESTABILITY = YES;
				GCC_C_LANGUAGE_STANDARD = gnu11;
				GCC_DYNAMIC_NO_PIC = NO;
				GCC_NO_COMMON_BLOCKS = YES;
				GCC_OPTIMIZATION_LEVEL = 0;
				GCC_PREPROCESSOR_DEFINITIONS = (
					"DEBUG=1",
					"$(inherited)",
				);
				GCC_WARN_64_TO_32_BIT_CONVERSION = YES;
				GCC_WARN_ABOUT_RETURN_TYPE = YES_ERROR;
				GCC_WARN_UNDECLARED_SELECTOR = YES;
				GCC_WARN_UNINITIALIZED_AUTOS = YES_AGGRESSIVE;
				GCC_WARN_UNUSED_FUNCTION = YES;
				GCC_WARN_UNUSED_VARIABLE = YES;
				IPHONEOS_DEPLOYMENT_TARGET = 12.1;
				MTL_ENABLE_DEBUG_INFO = INCLUDE_SOURCE;
				MTL_FAST_MATH = YES;
				ONLY_ACTIVE_ARCH = YES;
				SDKROOT = iphoneos;
				SWIFT_ACTIVE_COMPILATION_CONDITIONS = DEBUG;
				SWIFT_OPTIMIZATION_LEVEL = "-Onone";
			};
			name = Debug;
		};
		D0627C7C2213733A0031BDDC /* Release */ = {
			isa = XCBuildConfiguration;
			buildSettings = {
				ALWAYS_SEARCH_USER_PATHS = NO;
				CLANG_ANALYZER_NONNULL = YES;
				CLANG_ANALYZER_NUMBER_OBJECT_CONVERSION = YES_AGGRESSIVE;
				CLANG_CXX_LANGUAGE_STANDARD = "gnu++14";
				CLANG_CXX_LIBRARY = "libc++";
				CLANG_ENABLE_MODULES = YES;
				CLANG_ENABLE_OBJC_ARC = YES;
				CLANG_ENABLE_OBJC_WEAK = YES;
				CLANG_WARN_BLOCK_CAPTURE_AUTORELEASING = YES;
				CLANG_WARN_BOOL_CONVERSION = YES;
				CLANG_WARN_COMMA = YES;
				CLANG_WARN_CONSTANT_CONVERSION = YES;
				CLANG_WARN_DEPRECATED_OBJC_IMPLEMENTATIONS = YES;
				CLANG_WARN_DIRECT_OBJC_ISA_USAGE = YES_ERROR;
				CLANG_WARN_DOCUMENTATION_COMMENTS = YES;
				CLANG_WARN_EMPTY_BODY = YES;
				CLANG_WARN_ENUM_CONVERSION = YES;
				CLANG_WARN_INFINITE_RECURSION = YES;
				CLANG_WARN_INT_CONVERSION = YES;
				CLANG_WARN_NON_LITERAL_NULL_CONVERSION = YES;
				CLANG_WARN_OBJC_IMPLICIT_RETAIN_SELF = YES;
				CLANG_WARN_OBJC_LITERAL_CONVERSION = YES;
				CLANG_WARN_OBJC_ROOT_CLASS = YES_ERROR;
				CLANG_WARN_RANGE_LOOP_ANALYSIS = YES;
				CLANG_WARN_STRICT_PROTOTYPES = YES;
				CLANG_WARN_SUSPICIOUS_MOVE = YES;
				CLANG_WARN_UNGUARDED_AVAILABILITY = YES_AGGRESSIVE;
				CLANG_WARN_UNREACHABLE_CODE = YES;
				CLANG_WARN__DUPLICATE_METHOD_MATCH = YES;
				CODE_SIGN_IDENTITY = "iPhone Developer";
				COPY_PHASE_STRIP = NO;
				DEBUG_INFORMATION_FORMAT = "dwarf-with-dsym";
				ENABLE_NS_ASSERTIONS = NO;
				ENABLE_STRICT_OBJC_MSGSEND = YES;
				GCC_C_LANGUAGE_STANDARD = gnu11;
				GCC_NO_COMMON_BLOCKS = YES;
				GCC_WARN_64_TO_32_BIT_CONVERSION = YES;
				GCC_WARN_ABOUT_RETURN_TYPE = YES_ERROR;
				GCC_WARN_UNDECLARED_SELECTOR = YES;
				GCC_WARN_UNINITIALIZED_AUTOS = YES_AGGRESSIVE;
				GCC_WARN_UNUSED_FUNCTION = YES;
				GCC_WARN_UNUSED_VARIABLE = YES;
				IPHONEOS_DEPLOYMENT_TARGET = 12.1;
				MTL_ENABLE_DEBUG_INFO = NO;
				MTL_FAST_MATH = YES;
				SDKROOT = iphoneos;
				SWIFT_COMPILATION_MODE = wholemodule;
				SWIFT_OPTIMIZATION_LEVEL = "-O";
				VALIDATE_PRODUCT = YES;
			};
			name = Release;
		};
		D0627C7E2213733A0031BDDC /* Debug */ = {
			isa = XCBuildConfiguration;
			baseConfigurationReference = 31C79EEAED5725649F1F724F /* Pods-NGProjectThatRequestsNGResourcePodExample.debug.xcconfig */;
			buildSettings = {
				ASSETCATALOG_COMPILER_APPICON_NAME = AppIcon;
				CODE_SIGN_STYLE = Automatic;
				DEVELOPMENT_TEAM = VYDU87PPV5;
				INFOPLIST_FILE = NGProjectThatRequestsNGResourcePodExample/Info.plist;
				LD_RUNPATH_SEARCH_PATHS = (
					"$(inherited)",
					"@executable_path/Frameworks",
				);
				PRODUCT_BUNDLE_IDENTIFIER = com.noahgilmore.NGProjectThatRequestsNGResourcePodExample;
				PRODUCT_NAME = "$(TARGET_NAME)";
				SWIFT_VERSION = 4.2;
				TARGETED_DEVICE_FAMILY = "1,2";
			};
			name = Debug;
		};
		D0627C7F2213733A0031BDDC /* Release */ = {
			isa = XCBuildConfiguration;
			baseConfigurationReference = 10C49D2DF0C262942ED1864F /* Pods-NGProjectThatRequestsNGResourcePodExample.release.xcconfig */;
			buildSettings = {
				ASSETCATALOG_COMPILER_APPICON_NAME = AppIcon;
				CODE_SIGN_STYLE = Automatic;
				DEVELOPMENT_TEAM = VYDU87PPV5;
				INFOPLIST_FILE = NGProjectThatRequestsNGResourcePodExample/Info.plist;
				LD_RUNPATH_SEARCH_PATHS = (
					"$(inherited)",
					"@executable_path/Frameworks",
				);
				PRODUCT_BUNDLE_IDENTIFIER = com.noahgilmore.NGProjectThatRequestsNGResourcePodExample;
				PRODUCT_NAME = "$(TARGET_NAME)";
				SWIFT_VERSION = 4.2;
				TARGETED_DEVICE_FAMILY = "1,2";
			};
			name = Release;
		};
/* End XCBuildConfiguration section */

/* Begin XCConfigurationList section */
		D0627C66221373390031BDDC /* Build configuration list for PBXProject "NGProjectThatRequestsNGResourcePodExample" */ = {
			isa = XCConfigurationList;
			buildConfigurations = (
				D0627C7B2213733A0031BDDC /* Debug */,
				D0627C7C2213733A0031BDDC /* Release */,
			);
			defaultConfigurationIsVisible = 0;
			defaultConfigurationName = Release;
		};
		D0627C7D2213733A0031BDDC /* Build configuration list for PBXNativeTarget "NGProjectThatRequestsNGResourcePodExample" */ = {
			isa = XCConfigurationList;
			buildConfigurations = (
				D0627C7E2213733A0031BDDC /* Debug */,
				D0627C7F2213733A0031BDDC /* Release */,
			);
			defaultConfigurationIsVisible = 0;
			defaultConfigurationName = Release;
		};
/* End XCConfigurationList section */
	};
	rootObject = D0627C63221373390031BDDC /* Project object */;
}
